<?xml version="1.0" encoding="utf-8"?>
<Project ToolsVersion="4.0" xmlns="http://schemas.microsoft.com/developer/msbuild/2003">
  <ItemGroup>
    <Filter Include="Исходные файлы">
      <UniqueIdentifier>{4FC737F1-C7A5-4376-A066-2A32D752A2FF}</UniqueIdentifier>
      <Extensions>cpp;c;cc;cxx;def;odl;idl;hpj;bat;asm;asmx</Extensions>
    </Filter>
    <Filter Include="Файлы заголовков">
      <UniqueIdentifier>{93995380-89BD-4b04-88EB-625FBE52EBFB}</UniqueIdentifier>
      <Extensions>h;hh;hpp;hxx;hm;inl;inc;ipp;xsd</Extensions>
    </Filter>
    <Filter Include="Файлы ресурсов">
      <UniqueIdentifier>{67DA6AB6-F800-4c08-8B7A-83BB121AAD01}</UniqueIdentifier>
      <Extensions>rc;ico;cur;bmp;dlg;rc2;rct;bin;rgs;gif;jpg;jpeg;jpe;resx;tiff;tif;png;wav;mfcribbon-ms</Extensions>
    </Filter>
  </ItemGroup>
  <ItemGroup>
    <ClInclude Include="framework.h">
      <Filter>Файлы заголовков</Filter>
    </ClInclude>
    <ClInclude Include="pch.h">
      <Filter>Файлы заголовков</Filter>
    </ClInclude>
    <ClInclude Include="commander.h">
      <Filter>Файлы заголовков</Filter>
    </ClInclude>
    <ClInclude Include="crew.h">
      <Filter>Файлы заголовков</Filter>
    </ClInclude>
    <ClInclude Include="field_commander.h">
      <Filter>Файлы заголовков</Filter>
    </ClInclude>
    <ClInclude Include="military.h">
      <Filter>Файлы заголовков</Filter>
    </ClInclude>
    <ClInclude Include="soldier.h">
      <Filter>Файлы заголовков</Filter>
    </ClInclude>
    <ClInclude Include="staff.h">
      <Filter>Файлы заголовков</Filter>
    </ClInclude>
    <ClInclude Include="staff_member.h">
      <Filter>Файлы заголовков</Filter>
    </ClInclude>
    <ClInclude Include="structs.h">
      <Filter>Файлы заголовков</Filter>
    </ClInclude>
    <ClInclude Include="table.h">
      <Filter>Файлы заголовков</Filter>
    </ClInclude>
    <ClInclude Include="table_element.h">
      <Filter>Файлы заголовков</Filter>
    </ClInclude>
    <ClInclude Include="task_4.h">
      <Filter>Файлы заголовков</Filter>
    </ClInclude>
    <ClInclude Include="training.h">
      <Filter>Файлы заголовков</Filter>
    </ClInclude>
  </ItemGroup>
  <ItemGroup>
    <ClCompile Include="Task4Lib.cpp">
      <Filter>Исходные файлы</Filter>
    </ClCompile>
    <ClCompile Include="pch.cpp">
      <Filter>Исходные файлы</Filter>
    </ClCompile>
    <ClCompile Include="commander.cpp">
      <Filter>Исходные файлы</Filter>
    </ClCompile>
    <ClCompile Include="crew.cpp">
      <Filter>Исходные файлы</Filter>
    </ClCompile>
    <ClCompile Include="field_commander.cpp">
      <Filter>Исходные файлы</Filter>
    </ClCompile>
    <ClCompile Include="military.cpp">
      <Filter>Исходные файлы</Filter>
    </ClCompile>
    <ClCompile Include="soldier.cpp">
      <Filter>Исходные файлы</Filter>
    </ClCompile>
    <ClCompile Include="staff_member.cpp">
      <Filter>Исходные файлы</Filter>
    </ClCompile>
    <ClCompile Include="structs.cpp">
      <Filter>Исходные файлы</Filter>
    </ClCompile>
    <ClCompile Include="table.cpp">
      <Filter>Исходные файлы</Filter>
    </ClCompile>
    <ClCompile Include="table_element.cpp">
      <Filter>Исходные файлы</Filter>
    </ClCompile>
    <ClCompile Include="training.cpp">
      <Filter>Исходные файлы</Filter>
    </ClCompile>
  </ItemGroup>
  <ItemGroup>
    <None Include="ClassDiagram.cd" />
  </ItemGroup>
</Project>